
Microsoft Visual Studio Solution File, Format Version 12.00
# Visual Studio Version 16
VisualStudioVersion = 16.0.32228.343
MinimumVisualStudioVersion = 10.0.40219.1
Project("{9A19103F-16F7-4668-BE54-9A1E7A4F7556}") = "Entidades", "Entidades\Entidades.csproj", "{F88B15C0-FCFD-4399-B142-04E03042FE8B}"
EndProject
Project("{9A19103F-16F7-4668-BE54-9A1E7A4F7556}") = "Formularios", "Formularios\Formularios.csproj", "{F77B475F-03B0-4B58-ABA4-0F9AC5FA61F1}"
EndProject
Project("{FAE04EC0-301F-11D3-BF4B-00C04F79EFBC}") = "Testeos", "Testeos\Testeos.csproj", "{FAC47B9B-C13A-41AE-88E8-242F8956FEF7}"
EndProject
Global
	GlobalSection(SolutionConfigurationPlatforms) = preSolution
		Debug|Any CPU = Debug|Any CPU
		Release|Any CPU = Release|Any CPU
	EndGlobalSection
	GlobalSection(ProjectConfigurationPlatforms) = postSolution
		{F88B15C0-FCFD-4399-B142-04E03042FE8B}.Debug|Any CPU.ActiveCfg = Debug|Any CPU
		{F88B15C0-FCFD-4399-B142-04E03042FE8B}.Debug|Any CPU.Build.0 = Debug|Any CPU
		{F88B15C0-FCFD-4399-B142-04E03042FE8B}.Release|Any CPU.ActiveCfg = Release|Any CPU
		{F88B15C0-FCFD-4399-B142-04E03042FE8B}.Release|Any CPU.Build.0 = Release|Any CPU
		{F77B475F-03B0-4B58-ABA4-0F9AC5FA61F1}.Debug|Any CPU.ActiveCfg = Debug|Any CPU
		{F77B475F-03B0-4B58-ABA4-0F9AC5FA61F1}.Debug|Any CPU.Build.0 = Debug|Any CPU
		{F77B475F-03B0-4B58-ABA4-0F9AC5FA61F1}.Release|Any CPU.ActiveCfg = Release|Any CPU
		{F77B475F-03B0-4B58-ABA4-0F9AC5FA61F1}.Release|Any CPU.Build.0 = Release|Any CPU
		{FAC47B9B-C13A-41AE-88E8-242F8956FEF7}.Debug|Any CPU.ActiveCfg = Debug|Any CPU
		{FAC47B9B-C13A-41AE-88E8-242F8956FEF7}.Debug|Any CPU.Build.0 = Debug|Any CPU
		{FAC47B9B-C13A-41AE-88E8-242F8956FEF7}.Release|Any CPU.ActiveCfg = Release|Any CPU
		{FAC47B9B-C13A-41AE-88E8-242F8956FEF7}.Release|Any CPU.Build.0 = Release|Any CPU
	EndGlobalSection
	GlobalSection(SolutionProperties) = preSolution
		HideSolutionNode = FALSE
	EndGlobalSection
	GlobalSection(ExtensibilityGlobals) = postSolution
		SolutionGuid = {4E1812F2-AD6F-4C0C-BAD1-6A52144B6BB0}
	EndGlobalSection
EndGlobal
