
Microsoft Visual Studio Solution File, Format Version 12.00
# Visual Studio Version 16
VisualStudioVersion = 16.0.32228.343
MinimumVisualStudioVersion = 10.0.40219.1
Project("{FAE04EC0-301F-11D3-BF4B-00C04F79EFBC}") = "Entidades", "Entidades\Entidades.csproj", "{F88B15C0-FCFD-4399-B142-04E03042FE8B}"
EndProject
Project("{FAE04EC0-301F-11D3-BF4B-00C04F79EFBC}") = "Formularios", "Formularios\Formularios.csproj", "{F77B475F-03B0-4B58-ABA4-0F9AC5FA61F1}"
EndProject
Project("{FAE04EC0-301F-11D3-BF4B-00C04F79EFBC}") = "Excepciones", "Excepciones\Excepciones.csproj", "{DEAD5E0E-870F-4A65-A8EA-640FFB0ECA1C}"
EndProject
Global
	GlobalSection(SolutionConfigurationPlatforms) = preSolution
		Debug|Any CPU = Debug|Any CPU
		Release|Any CPU = Release|Any CPU
	EndGlobalSection
	GlobalSection(ProjectConfigurationPlatforms) = postSolution
		{F88B15C0-FCFD-4399-B142-04E03042FE8B}.Debug|Any CPU.ActiveCfg = Debug|Any CPU
		{F88B15C0-FCFD-4399-B142-04E03042FE8B}.Debug|Any CPU.Build.0 = Debug|Any CPU
		{F88B15C0-FCFD-4399-B142-04E03042FE8B}.Release|Any CPU.ActiveCfg = Release|Any CPU
		{F88B15C0-FCFD-4399-B142-04E03042FE8B}.Release|Any CPU.Build.0 = Release|Any CPU
		{F77B475F-03B0-4B58-ABA4-0F9AC5FA61F1}.Debug|Any CPU.ActiveCfg = Debug|Any CPU
		{F77B475F-03B0-4B58-ABA4-0F9AC5FA61F1}.Debug|Any CPU.Build.0 = Debug|Any CPU
		{F77B475F-03B0-4B58-ABA4-0F9AC5FA61F1}.Release|Any CPU.ActiveCfg = Release|Any CPU
		{F77B475F-03B0-4B58-ABA4-0F9AC5FA61F1}.Release|Any CPU.Build.0 = Release|Any CPU
		{DEAD5E0E-870F-4A65-A8EA-640FFB0ECA1C}.Debug|Any CPU.ActiveCfg = Debug|Any CPU
		{DEAD5E0E-870F-4A65-A8EA-640FFB0ECA1C}.Debug|Any CPU.Build.0 = Debug|Any CPU
		{DEAD5E0E-870F-4A65-A8EA-640FFB0ECA1C}.Release|Any CPU.ActiveCfg = Release|Any CPU
		{DEAD5E0E-870F-4A65-A8EA-640FFB0ECA1C}.Release|Any CPU.Build.0 = Release|Any CPU
	EndGlobalSection
	GlobalSection(SolutionProperties) = preSolution
		HideSolutionNode = FALSE
	EndGlobalSection
	GlobalSection(ExtensibilityGlobals) = postSolution
		SolutionGuid = {4E1812F2-AD6F-4C0C-BAD1-6A52144B6BB0}
	EndGlobalSection
EndGlobal
